
Microsoft Visual Studio Solution File, Format Version 12.00
# Visual Studio Version 16
VisualStudioVersion = 16.0.29709.97
MinimumVisualStudioVersion = 10.0.40219.1
Project("{FAE04EC0-301F-11D3-BF4B-00C04F79EFBC}") = "MyVet.Common", "MyVet.Common\MyVet.Common.csproj", "{F86DB706-3441-4A22-94C6-C12313F6155B}"
EndProject
Project("{FAE04EC0-301F-11D3-BF4B-00C04F79EFBC}") = "MyVet.Web", "MyVet.Web\MyVet.Web.csproj", "{D19A58EF-A72C-4F22-8BE8-46FF811E4044}"
EndProject
Global
	GlobalSection(SolutionConfigurationPlatforms) = preSolution
		Debug|Any CPU = Debug|Any CPU
		Release|Any CPU = Release|Any CPU
	EndGlobalSection
	GlobalSection(ProjectConfigurationPlatforms) = postSolution
		{F86DB706-3441-4A22-94C6-C12313F6155B}.Debug|Any CPU.ActiveCfg = Debug|Any CPU
		{F86DB706-3441-4A22-94C6-C12313F6155B}.Debug|Any CPU.Build.0 = Debug|Any CPU
		{F86DB706-3441-4A22-94C6-C12313F6155B}.Release|Any CPU.ActiveCfg = Release|Any CPU
		{F86DB706-3441-4A22-94C6-C12313F6155B}.Release|Any CPU.Build.0 = Release|Any CPU
		{D19A58EF-A72C-4F22-8BE8-46FF811E4044}.Debug|Any CPU.ActiveCfg = Debug|Any CPU
		{D19A58EF-A72C-4F22-8BE8-46FF811E4044}.Debug|Any CPU.Build.0 = Debug|Any CPU
		{D19A58EF-A72C-4F22-8BE8-46FF811E4044}.Release|Any CPU.ActiveCfg = Release|Any CPU
		{D19A58EF-A72C-4F22-8BE8-46FF811E4044}.Release|Any CPU.Build.0 = Release|Any CPU
	EndGlobalSection
	GlobalSection(SolutionProperties) = preSolution
		HideSolutionNode = FALSE
	EndGlobalSection
	GlobalSection(ExtensibilityGlobals) = postSolution
		SolutionGuid = {587BFFFC-E62E-4C85-9D73-20468C16AB03}
	EndGlobalSection
EndGlobal
